
Microsoft Visual Studio Solution File, Format Version 12.00
# Visual Studio Version 16
VisualStudioVersion = 16.0.29009.5
MinimumVisualStudioVersion = 10.0.40219.1
Project("{FAE04EC0-301F-11D3-BF4B-00C04F79EFBC}") = "StudentInfo", "StudentInfo.csproj", "{8B1D810F-4829-478E-A9A1-0B4024F09E3C}"
EndProject
Global
	GlobalSection(SolutionConfigurationPlatforms) = preSolution
		Debug|Any CPU = Debug|Any CPU
		Release|Any CPU = Release|Any CPU
	EndGlobalSection
	GlobalSection(ProjectConfigurationPlatforms) = postSolution
		{8B1D810F-4829-478E-A9A1-0B4024F09E3C}.Debug|Any CPU.ActiveCfg = Debug|Any CPU
		{8B1D810F-4829-478E-A9A1-0B4024F09E3C}.Debug|Any CPU.Build.0 = Debug|Any CPU
		{8B1D810F-4829-478E-A9A1-0B4024F09E3C}.Release|Any CPU.ActiveCfg = Release|Any CPU
		{8B1D810F-4829-478E-A9A1-0B4024F09E3C}.Release|Any CPU.Build.0 = Release|Any CPU
	EndGlobalSection
	GlobalSection(SolutionProperties) = preSolution
		HideSolutionNode = FALSE
	EndGlobalSection
	GlobalSection(ExtensibilityGlobals) = postSolution
		SolutionGuid = {19CF8AB6-DAC7-4FE6-B5CA-62C3CF05C19D}
	EndGlobalSection
EndGlobal
